PODS:
  - fluigsdk (0.2.4):
    - fluigsdk/core (= 0.2.4)
    - fluigsdk/flows (= 0.2.4)
    - fluigsdk/ui (= 0.2.4)
  - fluigsdk/core (0.2.4)
  - fluigsdk/flows (0.2.4):
    - fluigsdk/core
    - fluigsdk/ui
  - fluigsdk/ui (0.2.4)
  - SwiftGen (5.2.1)

DEPENDENCIES:
  - fluigsdk (from `https://github.com/fluig/fluigsdkios`, tag `0.2.4`)
  - SwiftGen

EXTERNAL SOURCES:
  fluigsdk:
    :git: https://github.com/fluig/fluigsdkios
    :tag: 0.2.4

CHECKOUT OPTIONS:
  fluigsdk:
    :git: https://github.com/fluig/fluigsdkios
    :tag: 0.2.4

SPEC CHECKSUMS:
  fluigsdk: 0dca63d45e891400f4a38010db8124d5ecbdf857
  SwiftGen: 444b4c467e512a4812b8a800d731643fd265139e

PODFILE CHECKSUM: 2afbac4a1e54963b1f7bf887e4438ab348505a38

COCOAPODS: 1.4.0
